
Microsoft Visual Studio Solution File, Format Version 12.00
# Visual Studio Version 17
VisualStudioVersion = 17.7.34202.233
MinimumVisualStudioVersion = 10.0.40219.1
Project("{FAE04EC0-301F-11D3-BF4B-00C04F79EFBC}") = "ConsoleApp_Travel_emp", "ConsoleApp_Travel_emp.csproj", "{AA273C78-A35B-4D2D-B378-7DB5BD6F95CC}"
EndProject
Project("{FAE04EC0-301F-11D3-BF4B-00C04F79EFBC}") = "ClassLibrary_MainMenu", "..\..\C#\ClassLibrary_MainMenu\ClassLibrary_MainMenu.csproj", "{06D3EB86-4FF0-4CE1-BC3C-DABABF82806C}"
EndProject
Project("{FAE04EC0-301F-11D3-BF4B-00C04F79EFBC}") = "ClassLibrary_Emp_Travel", "..\..\C#\ClassLibrary_Emp_Travel\ClassLibrary_Emp_Travel.csproj", "{22A13BE9-C0F4-4C56-AFD5-AEEA332AE202}"
EndProject
Project("{FAE04EC0-301F-11D3-BF4B-00C04F79EFBC}") = "ClassLibrary_BAL", "..\..\C#\ClassLibrary_BAL\ClassLibrary_BAL.csproj", "{E9B23B55-82DE-49BC-8C14-E3EAF2313CFA}"
EndProject
Project("{FAE04EC0-301F-11D3-BF4B-00C04F79EFBC}") = "ClassLibrary_DAL", "..\..\C#\ClassLibrary_DAL\ClassLibrary_DAL.csproj", "{933A3C37-57D7-4FCF-B43D-691D7940F221}"
EndProject
Global
	GlobalSection(SolutionConfigurationPlatforms) = preSolution
		Debug|Any CPU = Debug|Any CPU
		Release|Any CPU = Release|Any CPU
	EndGlobalSection
	GlobalSection(ProjectConfigurationPlatforms) = postSolution
		{AA273C78-A35B-4D2D-B378-7DB5BD6F95CC}.Debug|Any CPU.ActiveCfg = Debug|Any CPU
		{AA273C78-A35B-4D2D-B378-7DB5BD6F95CC}.Debug|Any CPU.Build.0 = Debug|Any CPU
		{AA273C78-A35B-4D2D-B378-7DB5BD6F95CC}.Release|Any CPU.ActiveCfg = Release|Any CPU
		{AA273C78-A35B-4D2D-B378-7DB5BD6F95CC}.Release|Any CPU.Build.0 = Release|Any CPU
		{06D3EB86-4FF0-4CE1-BC3C-DABABF82806C}.Debug|Any CPU.ActiveCfg = Debug|Any CPU
		{06D3EB86-4FF0-4CE1-BC3C-DABABF82806C}.Debug|Any CPU.Build.0 = Debug|Any CPU
		{06D3EB86-4FF0-4CE1-BC3C-DABABF82806C}.Release|Any CPU.ActiveCfg = Release|Any CPU
		{06D3EB86-4FF0-4CE1-BC3C-DABABF82806C}.Release|Any CPU.Build.0 = Release|Any CPU
		{22A13BE9-C0F4-4C56-AFD5-AEEA332AE202}.Debug|Any CPU.ActiveCfg = Debug|Any CPU
		{22A13BE9-C0F4-4C56-AFD5-AEEA332AE202}.Debug|Any CPU.Build.0 = Debug|Any CPU
		{22A13BE9-C0F4-4C56-AFD5-AEEA332AE202}.Release|Any CPU.ActiveCfg = Release|Any CPU
		{22A13BE9-C0F4-4C56-AFD5-AEEA332AE202}.Release|Any CPU.Build.0 = Release|Any CPU
		{E9B23B55-82DE-49BC-8C14-E3EAF2313CFA}.Debug|Any CPU.ActiveCfg = Debug|Any CPU
		{E9B23B55-82DE-49BC-8C14-E3EAF2313CFA}.Debug|Any CPU.Build.0 = Debug|Any CPU
		{E9B23B55-82DE-49BC-8C14-E3EAF2313CFA}.Release|Any CPU.ActiveCfg = Release|Any CPU
		{E9B23B55-82DE-49BC-8C14-E3EAF2313CFA}.Release|Any CPU.Build.0 = Release|Any CPU
		{933A3C37-57D7-4FCF-B43D-691D7940F221}.Debug|Any CPU.ActiveCfg = Debug|Any CPU
		{933A3C37-57D7-4FCF-B43D-691D7940F221}.Debug|Any CPU.Build.0 = Debug|Any CPU
		{933A3C37-57D7-4FCF-B43D-691D7940F221}.Release|Any CPU.ActiveCfg = Release|Any CPU
		{933A3C37-57D7-4FCF-B43D-691D7940F221}.Release|Any CPU.Build.0 = Release|Any CPU
	EndGlobalSection
	GlobalSection(SolutionProperties) = preSolution
		HideSolutionNode = FALSE
	EndGlobalSection
	GlobalSection(ExtensibilityGlobals) = postSolution
		SolutionGuid = {0AB5997D-AC70-43BD-BB7C-E523DA5FEEBE}
	EndGlobalSection
EndGlobal
